
Microsoft Visual Studio Solution File, Format Version 12.00
# Visual Studio Version 17
VisualStudioVersion = 17.9.34622.214
MinimumVisualStudioVersion = 10.0.40219.1
Project("{9A19103F-16F7-4668-BE54-9A1E7A4F7556}") = "Threading", "..\..\Projects\Threading\Threading.csproj", "{47B22F1D-8A23-4DD3-B936-281C5B6F6A5D}"
EndProject
Project("{FAE04EC0-301F-11D3-BF4B-00C04F79EFBC}") = "ThreadingTest", "..\..\Projects\ThreadingTest\ThreadingTest.csproj", "{624F693E-59E6-48E5-86BE-A0F0BEB1149A}"
EndProject
Project("{2150E333-8FDC-42A3-9474-1A3956D46DE8}") = "BuildScripts", "BuildScripts", "{02EA681E-C7D8-13C7-8484-4AC65E1B71E8}"
	ProjectSection(SolutionItems) = preProject
		..\..\BuildScripts\GetAssemblyVersion.ps1 = ..\..\BuildScripts\GetAssemblyVersion.ps1
		..\..\BuildScripts\Pack.ps1 = ..\..\BuildScripts\Pack.ps1
		..\..\BuildScripts\Publish.ps1 = ..\..\BuildScripts\Publish.ps1
	EndProjectSection
EndProject
Global
	GlobalSection(SolutionConfigurationPlatforms) = preSolution
		Debug|Any CPU = Debug|Any CPU
		Release|Any CPU = Release|Any CPU
	EndGlobalSection
	GlobalSection(ProjectConfigurationPlatforms) = postSolution
		{47B22F1D-8A23-4DD3-B936-281C5B6F6A5D}.Debug|Any CPU.ActiveCfg = Debug|Any CPU
		{47B22F1D-8A23-4DD3-B936-281C5B6F6A5D}.Debug|Any CPU.Build.0 = Debug|Any CPU
		{47B22F1D-8A23-4DD3-B936-281C5B6F6A5D}.Release|Any CPU.ActiveCfg = Release|Any CPU
		{47B22F1D-8A23-4DD3-B936-281C5B6F6A5D}.Release|Any CPU.Build.0 = Release|Any CPU
		{624F693E-59E6-48E5-86BE-A0F0BEB1149A}.Debug|Any CPU.ActiveCfg = Debug|Any CPU
		{624F693E-59E6-48E5-86BE-A0F0BEB1149A}.Debug|Any CPU.Build.0 = Debug|Any CPU
		{624F693E-59E6-48E5-86BE-A0F0BEB1149A}.Release|Any CPU.ActiveCfg = Release|Any CPU
		{624F693E-59E6-48E5-86BE-A0F0BEB1149A}.Release|Any CPU.Build.0 = Release|Any CPU
	EndGlobalSection
	GlobalSection(SolutionProperties) = preSolution
		HideSolutionNode = FALSE
	EndGlobalSection
	GlobalSection(ExtensibilityGlobals) = postSolution
		SolutionGuid = {E6CB5CD3-C3F2-455E-A809-F7A8BDC92BC0}
	EndGlobalSection
EndGlobal
